<?xml version="1.0" encoding="utf-8"?>
<Project ToolsVersion="4.0" xmlns="http://schemas.microsoft.com/developer/msbuild/2003">
  <ItemGroup>
    <Filter Include="Source Files">
      <UniqueIdentifier>{4FC737F1-C7A5-4376-A066-2A32D752A2FF}</UniqueIdentifier>
      <Extensions>cpp;c;cc;cxx;def;odl;idl;hpj;bat;asm;asmx</Extensions>
    </Filter>
    <Filter Include="Header Files">
      <UniqueIdentifier>{93995380-89BD-4b04-88EB-625FBE52EBFB}</UniqueIdentifier>
      <Extensions>h;hh;hpp;hxx;hm;inl;inc;ipp;xsd</Extensions>
    </Filter>
    <Filter Include="Resource Files">
      <UniqueIdentifier>{67DA6AB6-F800-4c08-8B7A-83BB121AAD01}</UniqueIdentifier>
      <Extensions>rc;ico;cur;bmp;dlg;rc2;rct;bin;rgs;gif;jpg;jpeg;jpe;resx;tiff;tif;png;wav;mfcribbon-ms</Extensions>
    </Filter>
  </ItemGroup>
  <ItemGroup>
    <ClCompile Include="src\nodes\HierarchyNode.cpp">
      <Filter>Source Files</Filter>
    </ClCompile>
    <ClCompile Include="src\nodes\NodesFactory.cpp">
      <Filter>Source Files</Filter>
    </ClCompile>
    <ClCompile Include="src\nodes\Note.cpp">
      <Filter>Source Files</Filter>
    </ClCompile>
    <ClCompile Include="src\nodes\NotesFolder.cpp">
      <Filter>Source Files</Filter>
    </ClCompile>
    <ClCompile Include="src\pch\Pch.cpp">
      <Filter>Source Files</Filter>
    </ClCompile>
    <ClCompile Include="src\visitors\save_restore\StreamRestoreVisitor.cpp">
      <Filter>Source Files</Filter>
    </ClCompile>
    <ClCompile Include="src\visitors\save_restore\StreamSaveVisitor.cpp">
      <Filter>Source Files</Filter>
    </ClCompile>
    <ClCompile Include="src\Model.cpp">
      <Filter>Source Files</Filter>
    </ClCompile>
  </ItemGroup>
  <ItemGroup>
    <ClInclude Include="src\pch\Pch.hpp">
      <Filter>Header Files</Filter>
    </ClInclude>
    <ClInclude Include="include\core\enums\NodeKind.hpp">
      <Filter>Header Files</Filter>
    </ClInclude>
    <ClInclude Include="include\core\enums\NodeTag.hpp">
      <Filter>Header Files</Filter>
    </ClInclude>
    <ClInclude Include="include\core\nodes\HierarchyNode.hpp">
      <Filter>Header Files</Filter>
    </ClInclude>
    <ClInclude Include="include\core\nodes\NodesFactory.hpp">
      <Filter>Header Files</Filter>
    </ClInclude>
    <ClInclude Include="include\core\nodes\NodesFwd.hpp">
      <Filter>Header Files</Filter>
    </ClInclude>
    <ClInclude Include="include\core\nodes\Note.hpp">
      <Filter>Header Files</Filter>
    </ClInclude>
    <ClInclude Include="include\core\nodes\NotesFolder.hpp">
      <Filter>Header Files</Filter>
    </ClInclude>
    <ClInclude Include="include\core\visitors\Visitor.hpp">
      <Filter>Header Files</Filter>
    </ClInclude>
    <ClInclude Include="include\core\visitors\save_restore\StreamSaveVisitor.hpp">
      <Filter>Header Files</Filter>
    </ClInclude>
    <ClInclude Include="include\core\visitors\save_restore\StreamRestoreVisitor.hpp">
      <Filter>Header Files</Filter>
    </ClInclude>
    <ClInclude Include="include\core\Model.hpp">
      <Filter>Header Files</Filter>
    </ClInclude>
  </ItemGroup>
</Project>