<?xml version="1.0" encoding="utf-8"?>
<Project ToolsVersion="4.0" xmlns="http://schemas.microsoft.com/developer/msbuild/2003">
  <ItemGroup>
    <Filter Include="Resource Files">
      <UniqueIdentifier>{D9D6E242-F8AF-46E4-B9FD-80ECBC20BA3E}</UniqueIdentifier>
      <Extensions>qrc;*</Extensions>
      <ParseFiles>false</ParseFiles>
    </Filter>
    <Filter Include="Form Files">
      <UniqueIdentifier>{99349809-55BA-4b9d-BF79-8FDBB0286EB3}</UniqueIdentifier>
      <Extensions>ui</Extensions>
    </Filter>
    <Filter Include="Resource Files">
      <UniqueIdentifier>{D9D6E242-F8AF-46E4-B9FD-80ECBC20BA3E}</UniqueIdentifier>
      <Extensions>qrc;*</Extensions>
      <ParseFiles>false</ParseFiles>
    </Filter>
    <Filter Include="Generated Files">
      <UniqueIdentifier>{71ED8ED8-ACB9-4CE9-BBE1-E00B30144E11}</UniqueIdentifier>
      <Extensions>moc;h;cpp</Extensions>
      <SourceControlFiles>False</SourceControlFiles>
    </Filter>
    <Filter Include="Globals">
      <UniqueIdentifier>{c37f5d88-971b-4f3a-bdb5-abf4e6b1ade9}</UniqueIdentifier>
    </Filter>
    <Filter Include="Entities">
      <UniqueIdentifier>{af5f52a8-3f7f-4bcf-80c4-78301eab5d9a}</UniqueIdentifier>
    </Filter>
    <Filter Include="Enum">
      <UniqueIdentifier>{f0d082c7-a9df-46ab-b559-a270a3e61056}</UniqueIdentifier>
    </Filter>
    <Filter Include="Pch">
      <UniqueIdentifier>{f5bd8bf8-dd18-4953-99d3-1d5f9e6aaa6c}</UniqueIdentifier>
    </Filter>
    <Filter Include="Header Files">
      <UniqueIdentifier>{93995380-89BD-4b04-88EB-625FBE52EBFB}</UniqueIdentifier>
      <Extensions>h;hh;hpp;hxx;hm;inl;inc;xsd</Extensions>
      <ParseFiles>true</ParseFiles>
    </Filter>
  </ItemGroup>
  <ItemGroup>
    <ClCompile Include="src\Main.cpp">
      <Filter>Globals</Filter>
    </ClCompile>
    <ClCompile Include="src\pch\Pch.cpp">
      <Filter>Pch</Filter>
    </ClCompile>
    <ClCompile Include="src\NotesWidget.cpp">
      <Filter>Globals</Filter>
    </ClCompile>
    <ClCompile Include="src\nodes\HierarchyNode.cpp">
      <Filter>Generated Files</Filter>
    </ClCompile>
    <ClCompile Include="src\nodes\NodesFactory.cpp">
      <Filter>Generated Files</Filter>
    </ClCompile>
    <ClCompile Include="src\nodes\Note.cpp">
      <Filter>Entities</Filter>
    </ClCompile>
    <ClCompile Include="src\nodes\NotesFolder.cpp">
      <Filter>Entities</Filter>
    </ClCompile>
    <ClCompile Include="src\visitors\StreamSerializationVisitor.cpp">
      <Filter>Generated Files</Filter>
    </ClCompile>
    <ClCompile Include="src\visitors\StreamDeserializationVisitor.cpp">
      <Filter>Generated Files</Filter>
    </ClCompile>
  </ItemGroup>
  <ItemGroup>
    <QtRcc Include="res\Notes.qrc">
      <Filter>Resource Files</Filter>
    </QtRcc>
  </ItemGroup>
  <ItemGroup>
    <ClInclude Include="src\Globals.hpp">
      <Filter>Globals</Filter>
    </ClInclude>
    <ClInclude Include="src\pch\Pch.hpp">
      <Filter>Pch</Filter>
    </ClInclude>
    <ClInclude Include="src\enums\NodeTag.hpp">
      <Filter>Enum</Filter>
    </ClInclude>
    <ClInclude Include="src\visitors\Visitor.hpp">
      <Filter>Header Files</Filter>
    </ClInclude>
    <ClInclude Include="src\nodes\HierarchyNode.hpp">
      <Filter>Entities</Filter>
    </ClInclude>
    <ClInclude Include="src\nodes\NodesFactory.hpp">
      <Filter>Entities</Filter>
    </ClInclude>
    <ClInclude Include="src\nodes\Note.hpp">
      <Filter>Entities</Filter>
    </ClInclude>
    <ClInclude Include="src\nodes\NotesFolder.hpp">
      <Filter>Entities</Filter>
    </ClInclude>
    <ClInclude Include="src\nodes\NodesFwd.hpp">
      <Filter>Header Files</Filter>
    </ClInclude>
    <ClInclude Include="src\utils\StringConverterUtils.hpp">
      <Filter>Header Files</Filter>
    </ClInclude>
    <ClInclude Include="src\visitors\StreamSerializationVisitor.hpp">
      <Filter>Header Files</Filter>
    </ClInclude>
    <ClInclude Include="src\visitors\StreamDeserializationVisitor.hpp">
      <Filter>Header Files</Filter>
    </ClInclude>
    <ClInclude Include="src\enums\NodeKind.hpp">
      <Filter>Header Files</Filter>
    </ClInclude>
  </ItemGroup>
  <ItemGroup>
    <QtMoc Include="src\NotesWidget.hpp">
      <Filter>Globals</Filter>
    </QtMoc>
  </ItemGroup>
  <ItemGroup>
    <QtUic Include="ui\NotesWidget.ui">
      <Filter>Form Files</Filter>
    </QtUic>
  </ItemGroup>
</Project>